
Microsoft Visual Studio Solution File, Format Version 12.00
# Visual Studio Version 16
VisualStudioVersion = 16.0.30621.155
MinimumVisualStudioVersion = 10.0.40219.1
Project("{FAE04EC0-301F-11D3-BF4B-00C04F79EFBC}") = "FinalPorga", "FinalPorga\FinalPorga.csproj", "{89DA83C2-D6D5-4127-B85B-8FE6E706FB4D}"
EndProject
Global
	GlobalSection(SolutionConfigurationPlatforms) = preSolution
		Debug|Any CPU = Debug|Any CPU
		Release|Any CPU = Release|Any CPU
	EndGlobalSection
	GlobalSection(ProjectConfigurationPlatforms) = postSolution
		{89DA83C2-D6D5-4127-B85B-8FE6E706FB4D}.Debug|Any CPU.ActiveCfg = Debug|Any CPU
		{89DA83C2-D6D5-4127-B85B-8FE6E706FB4D}.Debug|Any CPU.Build.0 = Debug|Any CPU
		{89DA83C2-D6D5-4127-B85B-8FE6E706FB4D}.Release|Any CPU.ActiveCfg = Release|Any CPU
		{89DA83C2-D6D5-4127-B85B-8FE6E706FB4D}.Release|Any CPU.Build.0 = Release|Any CPU
	EndGlobalSection
	GlobalSection(SolutionProperties) = preSolution
		HideSolutionNode = FALSE
	EndGlobalSection
	GlobalSection(ExtensibilityGlobals) = postSolution
		SolutionGuid = {5232DF58-28FB-4C11-A222-B38D998140A0}
	EndGlobalSection
EndGlobal
